
Microsoft Visual Studio Solution File, Format Version 9.00
# Visual C# Express 2010
Project("{FAE04EC0-301F-11D3-BF4B-00C04F79EFBC}") = "LTSV", "LTSV\LTSV.csproj", "{3DCD16B5-EFB6-4127-BC78-B0262514373B}"
EndProject
Project("{FAE04EC0-301F-11D3-BF4B-00C04F79EFBC}") = "LTSV.Test", "LTSV.Test\LTSV.Test.csproj", "{DE19A20E-2220-454A-925A-8CC150307602}"
EndProject
Global
	GlobalSection(SolutionConfigurationPlatforms) = preSolution
		Debug|Any CPU = Debug|Any CPU
		Release|Any CPU = Release|Any CPU
	EndGlobalSection
	GlobalSection(ProjectConfigurationPlatforms) = postSolution
		{3DCD16B5-EFB6-4127-BC78-B0262514373B}.Debug|Any CPU.ActiveCfg = Debug|Any CPU
		{3DCD16B5-EFB6-4127-BC78-B0262514373B}.Debug|Any CPU.Build.0 = Debug|Any CPU
		{3DCD16B5-EFB6-4127-BC78-B0262514373B}.Release|Any CPU.ActiveCfg = Release|Any CPU
		{3DCD16B5-EFB6-4127-BC78-B0262514373B}.Release|Any CPU.Build.0 = Release|Any CPU
		{DE19A20E-2220-454A-925A-8CC150307602}.Debug|Any CPU.ActiveCfg = Debug|Any CPU
		{DE19A20E-2220-454A-925A-8CC150307602}.Debug|Any CPU.Build.0 = Debug|Any CPU
		{DE19A20E-2220-454A-925A-8CC150307602}.Release|Any CPU.ActiveCfg = Release|Any CPU
		{DE19A20E-2220-454A-925A-8CC150307602}.Release|Any CPU.Build.0 = Release|Any CPU
	EndGlobalSection
	GlobalSection(SolutionProperties) = preSolution
		HideSolutionNode = FALSE
	EndGlobalSection
	GlobalSection(MonoDevelopProperties) = preSolution
		StartupItem = LTSV\LTSV.csproj
	EndGlobalSection
EndGlobal
